
Microsoft Visual Studio Solution File, Format Version 10.00
# Visual Studio 2008
Project("{FAE04EC0-301F-11D3-BF4B-00C04F79EFBC}") = "Robotics", "Robotics\Robotics.csproj", "{0E93A9B5-520D-4FD5-B73F-C2457F49B14E}"
EndProject
Project("{FAE04EC0-301F-11D3-BF4B-00C04F79EFBC}") = "Test", "Test\Test.csproj", "{5D6F15F9-1FE3-4A0A-AF5C-339C642C7D7C}"
	ProjectSection(ProjectDependencies) = postProject
		{0E93A9B5-520D-4FD5-B73F-C2457F49B14E} = {0E93A9B5-520D-4FD5-B73F-C2457F49B14E}
	EndProjectSection
EndProject
Project("{FAE04EC0-301F-11D3-BF4B-00C04F79EFBC}") = "TestTcp", "TestTcp\TestTcp.csproj", "{75B4E138-AB11-4389-846A-8FFE30B82576}"
EndProject
Project("{FAE04EC0-301F-11D3-BF4B-00C04F79EFBC}") = "Tester", "Tester\Tester.csproj", "{BA1E331F-43EE-4576-8086-63E69F843A18}"
	ProjectSection(ProjectDependencies) = postProject
		{0E93A9B5-520D-4FD5-B73F-C2457F49B14E} = {0E93A9B5-520D-4FD5-B73F-C2457F49B14E}
	EndProjectSection
EndProject
Project("{FAE04EC0-301F-11D3-BF4B-00C04F79EFBC}") = "AppLauncher", "AppLauncher\AppLauncher.csproj", "{90EED198-57F5-4035-A8DB-18B3A7492115}"
EndProject
Project("{FAE04EC0-301F-11D3-BF4B-00C04F79EFBC}") = "TypeDefCodeMaker", "TypeDefCodeMaker\TypeDefCodeMaker.csproj", "{F7EE7A6E-6D46-443C-9ECF-2574FE9B4106}"
EndProject
Project("{FAE04EC0-301F-11D3-BF4B-00C04F79EFBC}") = "SharedVariableTester", "SharedVariableTester\SharedVariableTester.csproj", "{043FD6F4-38E0-4DC8-8C7B-3F780975294F}"
EndProject
Project("{FAE04EC0-301F-11D3-BF4B-00C04F79EFBC}") = "LaserTest2", "LaserTest2\LaserTest2.csproj", "{A3AFC6AF-3542-46A1-9CE9-422EDE071B5E}"
EndProject
Project("{FAE04EC0-301F-11D3-BF4B-00C04F79EFBC}") = "SimpleTaskPlanner", "ST-PLN\SimpleTaskPlanner.csproj", "{5D6F5626-978F-42AE-B479-DEFE9E27A0F9}"
EndProject
Project("{FAE04EC0-301F-11D3-BF4B-00C04F79EFBC}") = "SharedVariableInspector", "SharedVariableInspector\SharedVariableInspector.csproj", "{C0A7D9F4-22DC-4AD4-9C46-B656E94A7FE0}"
EndProject
Project("{FAE04EC0-301F-11D3-BF4B-00C04F79EFBC}") = "XmlLogViewer", "XmlLogViewer\XmlLogViewer.csproj", "{6ACA2B7A-95A0-464A-9350-515E5FB0101F}"
EndProject
Project("{FAE04EC0-301F-11D3-BF4B-00C04F79EFBC}") = "Sample", "Sample\Sample.csproj", "{834E2851-C12E-429F-B720-0418AFCD97C9}"
EndProject
Global
	GlobalSection(SolutionConfigurationPlatforms) = preSolution
		Debug|Any CPU = Debug|Any CPU
		Debug|x86 = Debug|x86
		Release|Any CPU = Release|Any CPU
		Release|x86 = Release|x86
	EndGlobalSection
	GlobalSection(ProjectConfigurationPlatforms) = postSolution
		{0E93A9B5-520D-4FD5-B73F-C2457F49B14E}.Debug|Any CPU.ActiveCfg = Debug|Any CPU
		{0E93A9B5-520D-4FD5-B73F-C2457F49B14E}.Debug|Any CPU.Build.0 = Debug|Any CPU
		{0E93A9B5-520D-4FD5-B73F-C2457F49B14E}.Debug|x86.ActiveCfg = Debug|x86
		{0E93A9B5-520D-4FD5-B73F-C2457F49B14E}.Debug|x86.Build.0 = Debug|x86
		{0E93A9B5-520D-4FD5-B73F-C2457F49B14E}.Release|Any CPU.ActiveCfg = Release|Any CPU
		{0E93A9B5-520D-4FD5-B73F-C2457F49B14E}.Release|Any CPU.Build.0 = Release|Any CPU
		{0E93A9B5-520D-4FD5-B73F-C2457F49B14E}.Release|x86.ActiveCfg = Release|x86
		{0E93A9B5-520D-4FD5-B73F-C2457F49B14E}.Release|x86.Build.0 = Release|x86
		{5D6F15F9-1FE3-4A0A-AF5C-339C642C7D7C}.Debug|Any CPU.ActiveCfg = Debug|Any CPU
		{5D6F15F9-1FE3-4A0A-AF5C-339C642C7D7C}.Debug|Any CPU.Build.0 = Debug|Any CPU
		{5D6F15F9-1FE3-4A0A-AF5C-339C642C7D7C}.Debug|x86.ActiveCfg = Debug|x86
		{5D6F15F9-1FE3-4A0A-AF5C-339C642C7D7C}.Debug|x86.Build.0 = Debug|x86
		{5D6F15F9-1FE3-4A0A-AF5C-339C642C7D7C}.Release|Any CPU.ActiveCfg = Release|Any CPU
		{5D6F15F9-1FE3-4A0A-AF5C-339C642C7D7C}.Release|Any CPU.Build.0 = Release|Any CPU
		{5D6F15F9-1FE3-4A0A-AF5C-339C642C7D7C}.Release|x86.ActiveCfg = Release|x86
		{5D6F15F9-1FE3-4A0A-AF5C-339C642C7D7C}.Release|x86.Build.0 = Release|x86
		{75B4E138-AB11-4389-846A-8FFE30B82576}.Debug|Any CPU.ActiveCfg = Debug|Any CPU
		{75B4E138-AB11-4389-846A-8FFE30B82576}.Debug|Any CPU.Build.0 = Debug|Any CPU
		{75B4E138-AB11-4389-846A-8FFE30B82576}.Debug|x86.ActiveCfg = Debug|x86
		{75B4E138-AB11-4389-846A-8FFE30B82576}.Debug|x86.Build.0 = Debug|x86
		{75B4E138-AB11-4389-846A-8FFE30B82576}.Release|Any CPU.ActiveCfg = Release|Any CPU
		{75B4E138-AB11-4389-846A-8FFE30B82576}.Release|Any CPU.Build.0 = Release|Any CPU
		{75B4E138-AB11-4389-846A-8FFE30B82576}.Release|x86.ActiveCfg = Release|x86
		{75B4E138-AB11-4389-846A-8FFE30B82576}.Release|x86.Build.0 = Release|x86
		{BA1E331F-43EE-4576-8086-63E69F843A18}.Debug|Any CPU.ActiveCfg = Debug|Any CPU
		{BA1E331F-43EE-4576-8086-63E69F843A18}.Debug|Any CPU.Build.0 = Debug|Any CPU
		{BA1E331F-43EE-4576-8086-63E69F843A18}.Debug|x86.ActiveCfg = Debug|x86
		{BA1E331F-43EE-4576-8086-63E69F843A18}.Debug|x86.Build.0 = Debug|x86
		{BA1E331F-43EE-4576-8086-63E69F843A18}.Release|Any CPU.ActiveCfg = Release|Any CPU
		{BA1E331F-43EE-4576-8086-63E69F843A18}.Release|Any CPU.Build.0 = Release|Any CPU
		{BA1E331F-43EE-4576-8086-63E69F843A18}.Release|x86.ActiveCfg = Release|x86
		{BA1E331F-43EE-4576-8086-63E69F843A18}.Release|x86.Build.0 = Release|x86
		{90EED198-57F5-4035-A8DB-18B3A7492115}.Debug|Any CPU.ActiveCfg = Debug|Any CPU
		{90EED198-57F5-4035-A8DB-18B3A7492115}.Debug|Any CPU.Build.0 = Debug|Any CPU
		{90EED198-57F5-4035-A8DB-18B3A7492115}.Debug|x86.ActiveCfg = Debug|x86
		{90EED198-57F5-4035-A8DB-18B3A7492115}.Debug|x86.Build.0 = Debug|x86
		{90EED198-57F5-4035-A8DB-18B3A7492115}.Release|Any CPU.ActiveCfg = Release|Any CPU
		{90EED198-57F5-4035-A8DB-18B3A7492115}.Release|Any CPU.Build.0 = Release|Any CPU
		{90EED198-57F5-4035-A8DB-18B3A7492115}.Release|x86.ActiveCfg = Release|x86
		{90EED198-57F5-4035-A8DB-18B3A7492115}.Release|x86.Build.0 = Release|x86
		{F7EE7A6E-6D46-443C-9ECF-2574FE9B4106}.Debug|Any CPU.ActiveCfg = Debug|Any CPU
		{F7EE7A6E-6D46-443C-9ECF-2574FE9B4106}.Debug|Any CPU.Build.0 = Debug|Any CPU
		{F7EE7A6E-6D46-443C-9ECF-2574FE9B4106}.Debug|x86.ActiveCfg = Debug|x86
		{F7EE7A6E-6D46-443C-9ECF-2574FE9B4106}.Debug|x86.Build.0 = Debug|x86
		{F7EE7A6E-6D46-443C-9ECF-2574FE9B4106}.Release|Any CPU.ActiveCfg = Release|Any CPU
		{F7EE7A6E-6D46-443C-9ECF-2574FE9B4106}.Release|Any CPU.Build.0 = Release|Any CPU
		{F7EE7A6E-6D46-443C-9ECF-2574FE9B4106}.Release|x86.ActiveCfg = Release|x86
		{F7EE7A6E-6D46-443C-9ECF-2574FE9B4106}.Release|x86.Build.0 = Release|x86
		{043FD6F4-38E0-4DC8-8C7B-3F780975294F}.Debug|Any CPU.ActiveCfg = Debug|Any CPU
		{043FD6F4-38E0-4DC8-8C7B-3F780975294F}.Debug|Any CPU.Build.0 = Debug|Any CPU
		{043FD6F4-38E0-4DC8-8C7B-3F780975294F}.Debug|x86.ActiveCfg = Debug|x86
		{043FD6F4-38E0-4DC8-8C7B-3F780975294F}.Debug|x86.Build.0 = Debug|x86
		{043FD6F4-38E0-4DC8-8C7B-3F780975294F}.Release|Any CPU.ActiveCfg = Release|Any CPU
		{043FD6F4-38E0-4DC8-8C7B-3F780975294F}.Release|Any CPU.Build.0 = Release|Any CPU
		{043FD6F4-38E0-4DC8-8C7B-3F780975294F}.Release|x86.ActiveCfg = Release|x86
		{043FD6F4-38E0-4DC8-8C7B-3F780975294F}.Release|x86.Build.0 = Release|x86
		{A3AFC6AF-3542-46A1-9CE9-422EDE071B5E}.Debug|Any CPU.ActiveCfg = Debug|Any CPU
		{A3AFC6AF-3542-46A1-9CE9-422EDE071B5E}.Debug|Any CPU.Build.0 = Debug|Any CPU
		{A3AFC6AF-3542-46A1-9CE9-422EDE071B5E}.Debug|x86.ActiveCfg = Debug|x86
		{A3AFC6AF-3542-46A1-9CE9-422EDE071B5E}.Debug|x86.Build.0 = Debug|x86
		{A3AFC6AF-3542-46A1-9CE9-422EDE071B5E}.Release|Any CPU.ActiveCfg = Release|Any CPU
		{A3AFC6AF-3542-46A1-9CE9-422EDE071B5E}.Release|Any CPU.Build.0 = Release|Any CPU
		{A3AFC6AF-3542-46A1-9CE9-422EDE071B5E}.Release|x86.ActiveCfg = Release|x86
		{A3AFC6AF-3542-46A1-9CE9-422EDE071B5E}.Release|x86.Build.0 = Release|x86
		{5D6F5626-978F-42AE-B479-DEFE9E27A0F9}.Debug|Any CPU.ActiveCfg = Debug|Any CPU
		{5D6F5626-978F-42AE-B479-DEFE9E27A0F9}.Debug|Any CPU.Build.0 = Debug|Any CPU
		{5D6F5626-978F-42AE-B479-DEFE9E27A0F9}.Debug|x86.ActiveCfg = Debug|x86
		{5D6F5626-978F-42AE-B479-DEFE9E27A0F9}.Debug|x86.Build.0 = Debug|x86
		{5D6F5626-978F-42AE-B479-DEFE9E27A0F9}.Release|Any CPU.ActiveCfg = Release|Any CPU
		{5D6F5626-978F-42AE-B479-DEFE9E27A0F9}.Release|Any CPU.Build.0 = Release|Any CPU
		{5D6F5626-978F-42AE-B479-DEFE9E27A0F9}.Release|x86.ActiveCfg = Release|x86
		{5D6F5626-978F-42AE-B479-DEFE9E27A0F9}.Release|x86.Build.0 = Release|x86
		{C0A7D9F4-22DC-4AD4-9C46-B656E94A7FE0}.Debug|Any CPU.ActiveCfg = Debug|Any CPU
		{C0A7D9F4-22DC-4AD4-9C46-B656E94A7FE0}.Debug|Any CPU.Build.0 = Debug|Any CPU
		{C0A7D9F4-22DC-4AD4-9C46-B656E94A7FE0}.Debug|x86.ActiveCfg = Debug|Any CPU
		{C0A7D9F4-22DC-4AD4-9C46-B656E94A7FE0}.Release|Any CPU.ActiveCfg = Release|Any CPU
		{C0A7D9F4-22DC-4AD4-9C46-B656E94A7FE0}.Release|Any CPU.Build.0 = Release|Any CPU
		{C0A7D9F4-22DC-4AD4-9C46-B656E94A7FE0}.Release|x86.ActiveCfg = Release|Any CPU
		{6ACA2B7A-95A0-464A-9350-515E5FB0101F}.Debug|Any CPU.ActiveCfg = Debug|Any CPU
		{6ACA2B7A-95A0-464A-9350-515E5FB0101F}.Debug|Any CPU.Build.0 = Debug|Any CPU
		{6ACA2B7A-95A0-464A-9350-515E5FB0101F}.Debug|x86.ActiveCfg = Debug|Any CPU
		{6ACA2B7A-95A0-464A-9350-515E5FB0101F}.Release|Any CPU.ActiveCfg = Release|Any CPU
		{6ACA2B7A-95A0-464A-9350-515E5FB0101F}.Release|Any CPU.Build.0 = Release|Any CPU
		{6ACA2B7A-95A0-464A-9350-515E5FB0101F}.Release|x86.ActiveCfg = Release|Any CPU
		{834E2851-C12E-429F-B720-0418AFCD97C9}.Debug|Any CPU.ActiveCfg = Debug|Any CPU
		{834E2851-C12E-429F-B720-0418AFCD97C9}.Debug|Any CPU.Build.0 = Debug|Any CPU
		{834E2851-C12E-429F-B720-0418AFCD97C9}.Debug|x86.ActiveCfg = Debug|Any CPU
		{834E2851-C12E-429F-B720-0418AFCD97C9}.Release|Any CPU.ActiveCfg = Release|Any CPU
		{834E2851-C12E-429F-B720-0418AFCD97C9}.Release|Any CPU.Build.0 = Release|Any CPU
		{834E2851-C12E-429F-B720-0418AFCD97C9}.Release|x86.ActiveCfg = Release|Any CPU
	EndGlobalSection
	GlobalSection(SolutionProperties) = preSolution
		HideSolutionNode = FALSE
	EndGlobalSection
EndGlobal
